// !$*UTF8*$!
{
	archiveVersion = 1;
	classes = {
	};
	objectVersion = 56;
	objects = {

/* Begin PBXBuildFile section */
		246C82F4296CDDDE00F4B0A9 /* AppDelegate.swift in Sources */ = {isa = PBXBuildFile; fileRef = 246C82F3296CDDDE00F4B0A9 /* AppDelegate.swift */; };
		246C82F6296CDDDE00F4B0A9 /* SceneDelegate.swift in Sources */ = {isa = PBXBuildFile; fileRef = 246C82F5296CDDDE00F4B0A9 /* SceneDelegate.swift */; };
		246C82F8296CDDDE00F4B0A9 /* ViewController.swift in Sources */ = {isa = PBXBuildFile; fileRef = 246C82F7296CDDDE00F4B0A9 /* ViewController.swift */; };
		246C82FB296CDDDE00F4B0A9 /* Main.storyboard in Resources */ = {isa = PBXBuildFile; fileRef = 246C82F9296CDDDE00F4B0A9 /* Main.storyboard */; };
		246C82FD296CDDE000F4B0A9 /* Assets.xcassets in Resources */ = {isa = PBXBuildFile; fileRef = 246C82FC296CDDE000F4B0A9 /* Assets.xcassets */; };
		246C8300296CDDE000F4B0A9 /* LaunchScreen.storyboard in Resources */ = {isa = PBXBuildFile; fileRef = 246C82FE296CDDE000F4B0A9 /* LaunchScreen.storyboard */; };
		246C830B296CF28F00F4B0A9 /* PokemonManager.swift in Sources */ = {isa = PBXBuildFile; fileRef = 246C830A296CF28F00F4B0A9 /* PokemonManager.swift */; };
		246C830D296CF2C300F4B0A9 /* PokemonModel.swift in Sources */ = {isa = PBXBuildFile; fileRef = 246C830C296CF2C300F4B0A9 /* PokemonModel.swift */; };
		246C830F296CF3FA00F4B0A9 /* PokemonData.swift in Sources */ = {isa = PBXBuildFile; fileRef = 246C830E296CF3FA00F4B0A9 /* PokemonData.swift */; };
		246C8311296CF41000F4B0A9 /* ImageData.swift in Sources */ = {isa = PBXBuildFile; fileRef = 246C8310296CF41000F4B0A9 /* ImageData.swift */; };
		246C8313296CF43600F4B0A9 /* GameModel.swift in Sources */ = {isa = PBXBuildFile; fileRef = 246C8312296CF43600F4B0A9 /* GameModel.swift */; };
		246C8315296CF46800F4B0A9 /* ImageManager.swift in Sources */ = {isa = PBXBuildFile; fileRef = 246C8314296CF46800F4B0A9 /* ImageManager.swift */; };
		246C8317296CF47C00F4B0A9 /* ImageModel.swift in Sources */ = {isa = PBXBuildFile; fileRef = 246C8316296CF47C00F4B0A9 /* ImageModel.swift */; };
/* End PBXBuildFile section */

/* Begin PBXFileReference section */
		246C82F0296CDDDE00F4B0A9 /* who is that pokemon.app */ = {isa = PBXFileReference; explicitFileType = wrapper.application; includeInIndex = 0; path = "who is that pokemon.app"; sourceTree = BUILT_PRODUCTS_DIR; };
		246C82F3296CDDDE00F4B0A9 /* AppDelegate.swift */ = {isa = PBXFileReference; lastKnownFileType = sourcecode.swift; path = AppDelegate.swift; sourceTree = "<group>"; };
		246C82F5296CDDDE00F4B0A9 /* SceneDelegate.swift */ = {isa = PBXFileReference; lastKnownFileType = sourcecode.swift; path = SceneDelegate.swift; sourceTree = "<group>"; };
		246C82F7296CDDDE00F4B0A9 /* ViewController.swift */ = {isa = PBXFileReference; lastKnownFileType = sourcecode.swift; path = ViewController.swift; sourceTree = "<group>"; };
		246C82FA296CDDDE00F4B0A9 /* Base */ = {isa = PBXFileReference; lastKnownFileType = file.storyboard; name = Base; path = Base.lproj/Main.storyboard; sourceTree = "<group>"; };
		246C82FC296CDDE000F4B0A9 /* Assets.xcassets */ = {isa = PBXFileReference; lastKnownFileType = folder.assetcatalog; path = Assets.xcassets; sourceTree = "<group>"; };
		246C82FF296CDDE000F4B0A9 /* Base */ = {isa = PBXFileReference; lastKnownFileType = file.storyboard; name = Base; path = Base.lproj/LaunchScreen.storyboard; sourceTree = "<group>"; };
		246C8301296CDDE000F4B0A9 /* Info.plist */ = {isa = PBXFileReference; lastKnownFileType = text.plist.xml; path = Info.plist; sourceTree = "<group>"; };
		246C830A296CF28F00F4B0A9 /* PokemonManager.swift */ = {isa = PBXFileReference; lastKnownFileType = sourcecode.swift; path = PokemonManager.swift; sourceTree = "<group>"; };
		246C830C296CF2C300F4B0A9 /* PokemonModel.swift */ = {isa = PBXFileReference; lastKnownFileType = sourcecode.swift; path = PokemonModel.swift; sourceTree = "<group>"; };
		246C830E296CF3FA00F4B0A9 /* PokemonData.swift */ = {isa = PBXFileReference; lastKnownFileType = sourcecode.swift; path = PokemonData.swift; sourceTree = "<group>"; };
		246C8310296CF41000F4B0A9 /* ImageData.swift */ = {isa = PBXFileReference; lastKnownFileType = sourcecode.swift; path = ImageData.swift; sourceTree = "<group>"; };
		246C8312296CF43600F4B0A9 /* GameModel.swift */ = {isa = PBXFileReference; lastKnownFileType = sourcecode.swift; path = GameModel.swift; sourceTree = "<group>"; };
		246C8314296CF46800F4B0A9 /* ImageManager.swift */ = {isa = PBXFileReference; lastKnownFileType = sourcecode.swift; path = ImageManager.swift; sourceTree = "<group>"; };
		246C8316296CF47C00F4B0A9 /* ImageModel.swift */ = {isa = PBXFileReference; lastKnownFileType = sourcecode.swift; path = ImageModel.swift; sourceTree = "<group>"; };
/* End PBXFileReference section */

/* Begin PBXFrameworksBuildPhase section */
		246C82ED296CDDDE00F4B0A9 /* Frameworks */ = {
			isa = PBXFrameworksBuildPhase;
			buildActionMask = 2147483647;
			files = (
			);
			runOnlyForDeploymentPostprocessing = 0;
		};
/* End PBXFrameworksBuildPhase section */

/* Begin PBXGroup section */
		246C82E7296CDDDE00F4B0A9 = {
			isa = PBXGroup;
			children = (
				246C82F2296CDDDE00F4B0A9 /* who is that pokemon */,
				246C82F1296CDDDE00F4B0A9 /* Products */,
			);
			sourceTree = "<group>";
		};
		246C82F1296CDDDE00F4B0A9 /* Products */ = {
			isa = PBXGroup;
			children = (
				246C82F0296CDDDE00F4B0A9 /* who is that pokemon.app */,
			);
			name = Products;
			sourceTree = "<group>";
		};
		246C82F2296CDDDE00F4B0A9 /* who is that pokemon */ = {
			isa = PBXGroup;
			children = (
				246C8309296CF26500F4B0A9 /* Model */,
				246C82F3296CDDDE00F4B0A9 /* AppDelegate.swift */,
				246C82F5296CDDDE00F4B0A9 /* SceneDelegate.swift */,
				246C8308296CF25400F4B0A9 /* Controller */,
				246C8307296CF23B00F4B0A9 /* View */,
				246C82FC296CDDE000F4B0A9 /* Assets.xcassets */,
				246C82FE296CDDE000F4B0A9 /* LaunchScreen.storyboard */,
				246C8301296CDDE000F4B0A9 /* Info.plist */,
			);
			path = "who is that pokemon";
			sourceTree = "<group>";
		};
		246C8307296CF23B00F4B0A9 /* View */ = {
			isa = PBXGroup;
			children = (
				246C82F9296CDDDE00F4B0A9 /* Main.storyboard */,
			);
			path = View;
			sourceTree = "<group>";
		};
		246C8308296CF25400F4B0A9 /* Controller */ = {
			isa = PBXGroup;
			children = (
				246C82F7296CDDDE00F4B0A9 /* ViewController.swift */,
			);
			path = Controller;
			sourceTree = "<group>";
		};
		246C8309296CF26500F4B0A9 /* Model */ = {
			isa = PBXGroup;
			children = (
				246C830A296CF28F00F4B0A9 /* PokemonManager.swift */,
				246C830C296CF2C300F4B0A9 /* PokemonModel.swift */,
				246C830E296CF3FA00F4B0A9 /* PokemonData.swift */,
				246C8310296CF41000F4B0A9 /* ImageData.swift */,
				246C8312296CF43600F4B0A9 /* GameModel.swift */,
				246C8314296CF46800F4B0A9 /* ImageManager.swift */,
				246C8316296CF47C00F4B0A9 /* ImageModel.swift */,
			);
			path = Model;
			sourceTree = "<group>";
		};
/* End PBXGroup section */

/* Begin PBXNativeTarget section */
		246C82EF296CDDDE00F4B0A9 /* who is that pokemon */ = {
			isa = PBXNativeTarget;
			buildConfigurationList = 246C8304296CDDE000F4B0A9 /* Build configuration list for PBXNativeTarget "who is that pokemon" */;
			buildPhases = (
				246C82EC296CDDDE00F4B0A9 /* Sources */,
				246C82ED296CDDDE00F4B0A9 /* Frameworks */,
				246C82EE296CDDDE00F4B0A9 /* Resources */,
			);
			buildRules = (
			);
			dependencies = (
			);
			name = "who is that pokemon";
			productName = "who is that pokemon";
			productReference = 246C82F0296CDDDE00F4B0A9 /* who is that pokemon.app */;
			productType = "com.apple.product-type.application";
		};
/* End PBXNativeTarget section */

/* Begin PBXProject section */
		246C82E8296CDDDE00F4B0A9 /* Project object */ = {
			isa = PBXProject;
			attributes = {
				BuildIndependentTargetsInParallel = 1;
				LastSwiftUpdateCheck = 1420;
				LastUpgradeCheck = 1420;
				TargetAttributes = {
					246C82EF296CDDDE00F4B0A9 = {
						CreatedOnToolsVersion = 14.2;
					};
				};
			};
			buildConfigurationList = 246C82EB296CDDDE00F4B0A9 /* Build configuration list for PBXProject "who is that pokemon" */;
			compatibilityVersion = "Xcode 14.0";
			developmentRegion = en;
			hasScannedForEncodings = 0;
			knownRegions = (
				en,
				Base,
			);
			mainGroup = 246C82E7296CDDDE00F4B0A9;
			productRefGroup = 246C82F1296CDDDE00F4B0A9 /* Products */;
			projectDirPath = "";
			projectRoot = "";
			targets = (
				246C82EF296CDDDE00F4B0A9 /* who is that pokemon */,
			);
		};
/* End PBXProject section */

/* Begin PBXResourcesBuildPhase section */
		246C82EE296CDDDE00F4B0A9 /* Resources */ = {
			isa = PBXResourcesBuildPhase;
			buildActionMask = 2147483647;
			files = (
				246C8300296CDDE000F4B0A9 /* LaunchScreen.storyboard in Resources */,
				246C82FD296CDDE000F4B0A9 /* Assets.xcassets in Resources */,
				246C82FB296CDDDE00F4B0A9 /* Main.storyboard in Resources */,
			);
			runOnlyForDeploymentPostprocessing = 0;
		};
/* End PBXResourcesBuildPhase section */

/* Begin PBXSourcesBuildPhase section */
		246C82EC296CDDDE00F4B0A9 /* Sources */ = {
			isa = PBXSourcesBuildPhase;
			buildActionMask = 2147483647;
			files = (
				246C82F8296CDDDE00F4B0A9 /* ViewController.swift in Sources */,
				246C8317296CF47C00F4B0A9 /* ImageModel.swift in Sources */,
				246C830F296CF3FA00F4B0A9 /* PokemonData.swift in Sources */,
				246C82F4296CDDDE00F4B0A9 /* AppDelegate.swift in Sources */,
				246C8315296CF46800F4B0A9 /* ImageManager.swift in Sources */,
				246C82F6296CDDDE00F4B0A9 /* SceneDelegate.swift in Sources */,
				246C830D296CF2C300F4B0A9 /* PokemonModel.swift in Sources */,
				246C8313296CF43600F4B0A9 /* GameModel.swift in Sources */,
				246C830B296CF28F00F4B0A9 /* PokemonManager.swift in Sources */,
				246C8311296CF41000F4B0A9 /* ImageData.swift in Sources */,
			);
			runOnlyForDeploymentPostprocessing = 0;
		};
/* End PBXSourcesBuildPhase section */

/* Begin PBXVariantGroup section */
		246C82F9296CDDDE00F4B0A9 /* Main.storyboard */ = {
			isa = PBXVariantGroup;
			children = (
				246C82FA296CDDDE00F4B0A9 /* Base */,
			);
			name = Main.storyboard;
			sourceTree = "<group>";
		};
		246C82FE296CDDE000F4B0A9 /* LaunchScreen.storyboard */ = {
			isa = PBXVariantGroup;
			children = (
				246C82FF296CDDE000F4B0A9 /* Base */,
			);
			name = LaunchScreen.storyboard;
			sourceTree = "<group>";
		};
/* End PBXVariantGroup section */

/* Begin XCBuildConfiguration section */
		246C8302296CDDE000F4B0A9 /* Debug */ = {
			isa = XCBuildConfiguration;
			buildSettings = {
				ALWAYS_SEARCH_USER_PATHS = NO;
				CLANG_ANALYZER_NONNULL = YES;
				CLANG_ANALYZER_NUMBER_OBJECT_CONVERSION = YES_AGGRESSIVE;
				CLANG_CXX_LANGUAGE_STANDARD = "gnu++20";
				CLANG_ENABLE_MODULES = YES;
				CLANG_ENABLE_OBJC_ARC = YES;
				CLANG_ENABLE_OBJC_WEAK = YES;
				CLANG_WARN_BLOCK_CAPTURE_AUTORELEASING = YES;
				CLANG_WARN_BOOL_CONVERSION = YES;
				CLANG_WARN_COMMA = YES;
				CLANG_WARN_CONSTANT_CONVERSION = YES;
				CLANG_WARN_DEPRECATED_OBJC_IMPLEMENTATIONS = YES;
				CLANG_WARN_DIRECT_OBJC_ISA_USAGE = YES_ERROR;
				CLANG_WARN_DOCUMENTATION_COMMENTS = YES;
				CLANG_WARN_EMPTY_BODY = YES;
				CLANG_WARN_ENUM_CONVERSION = YES;
				CLANG_WARN_INFINITE_RECURSION = YES;
				CLANG_WARN_INT_CONVERSION = YES;
				CLANG_WARN_NON_LITERAL_NULL_CONVERSION = YES;
				CLANG_WARN_OBJC_IMPLICIT_RETAIN_SELF = YES;
				CLANG_WARN_OBJC_LITERAL_CONVERSION = YES;
				CLANG_WARN_OBJC_ROOT_CLASS = YES_ERROR;
				CLANG_WARN_QUOTED_INCLUDE_IN_FRAMEWORK_HEADER = YES;
				CLANG_WARN_RANGE_LOOP_ANALYSIS = YES;
				CLANG_WARN_STRICT_PROTOTYPES = YES;
				CLANG_WARN_SUSPICIOUS_MOVE = YES;
				CLANG_WARN_UNGUARDED_AVAILABILITY = YES_AGGRESSIVE;
				CLANG_WARN_UNREACHABLE_CODE = YES;
				CLANG_WARN__DUPLICATE_METHOD_MATCH = YES;
				COPY_PHASE_STRIP = NO;
				DEBUG_INFORMATION_FORMAT = dwarf;
				ENABLE_STRICT_OBJC_MSGSEND = YES;
				ENABLE_TESTABILITY = YES;
				GCC_C_LANGUAGE_STANDARD = gnu11;
				GCC_DYNAMIC_NO_PIC = NO;
				GCC_NO_COMMON_BLOCKS = YES;
				GCC_OPTIMIZATION_LEVEL = 0;
				GCC_PREPROCESSOR_DEFINITIONS = (
					"DEBUG=1",
					"$(inherited)",
				);
				GCC_WARN_64_TO_32_BIT_CONVERSION = YES;
				GCC_WARN_ABOUT_RETURN_TYPE = YES_ERROR;
				GCC_WARN_UNDECLARED_SELECTOR = YES;
				GCC_WARN_UNINITIALIZED_AUTOS = YES_AGGRESSIVE;
				GCC_WARN_UNUSED_FUNCTION = YES;
				GCC_WARN_UNUSED_VARIABLE = YES;
				IPHONEOS_DEPLOYMENT_TARGET = 16.2;
				MTL_ENABLE_DEBUG_INFO = INCLUDE_SOURCE;
				MTL_FAST_MATH = YES;
				ONLY_ACTIVE_ARCH = YES;
				SDKROOT = iphoneos;
				SWIFT_ACTIVE_COMPILATION_CONDITIONS = DEBUG;
				SWIFT_OPTIMIZATION_LEVEL = "-Onone";
			};
			name = Debug;
		};
		246C8303296CDDE000F4B0A9 /* Release */ = {
			isa = XCBuildConfiguration;
			buildSettings = {
				ALWAYS_SEARCH_USER_PATHS = NO;
				CLANG_ANALYZER_NONNULL = YES;
				CLANG_ANALYZER_NUMBER_OBJECT_CONVERSION = YES_AGGRESSIVE;
				CLANG_CXX_LANGUAGE_STANDARD = "gnu++20";
				CLANG_ENABLE_MODULES = YES;
				CLANG_ENABLE_OBJC_ARC = YES;
				CLANG_ENABLE_OBJC_WEAK = YES;
				CLANG_WARN_BLOCK_CAPTURE_AUTORELEASING = YES;
				CLANG_WARN_BOOL_CONVERSION = YES;
				CLANG_WARN_COMMA = YES;
				CLANG_WARN_CONSTANT_CONVERSION = YES;
				CLANG_WARN_DEPRECATED_OBJC_IMPLEMENTATIONS = YES;
				CLANG_WARN_DIRECT_OBJC_ISA_USAGE = YES_ERROR;
				CLANG_WARN_DOCUMENTATION_COMMENTS = YES;
				CLANG_WARN_EMPTY_BODY = YES;
				CLANG_WARN_ENUM_CONVERSION = YES;
				CLANG_WARN_INFINITE_RECURSION = YES;
				CLANG_WARN_INT_CONVERSION = YES;
				CLANG_WARN_NON_LITERAL_NULL_CONVERSION = YES;
				CLANG_WARN_OBJC_IMPLICIT_RETAIN_SELF = YES;
				CLANG_WARN_OBJC_LITERAL_CONVERSION = YES;
				CLANG_WARN_OBJC_ROOT_CLASS = YES_ERROR;
				CLANG_WARN_QUOTED_INCLUDE_IN_FRAMEWORK_HEADER = YES;
				CLANG_WARN_RANGE_LOOP_ANALYSIS = YES;
				CLANG_WARN_STRICT_PROTOTYPES = YES;
				CLANG_WARN_SUSPICIOUS_MOVE = YES;
				CLANG_WARN_UNGUARDED_AVAILABILITY = YES_AGGRESSIVE;
				CLANG_WARN_UNREACHABLE_CODE = YES;
				CLANG_WARN__DUPLICATE_METHOD_MATCH = YES;
				COPY_PHASE_STRIP = NO;
				DEBUG_INFORMATION_FORMAT = "dwarf-with-dsym";
				ENABLE_NS_ASSERTIONS = NO;
				ENABLE_STRICT_OBJC_MSGSEND = YES;
				GCC_C_LANGUAGE_STANDARD = gnu11;
				GCC_NO_COMMON_BLOCKS = YES;
				GCC_WARN_64_TO_32_BIT_CONVERSION = YES;
				GCC_WARN_ABOUT_RETURN_TYPE = YES_ERROR;
				GCC_WARN_UNDECLARED_SELECTOR = YES;
				GCC_WARN_UNINITIALIZED_AUTOS = YES_AGGRESSIVE;
				GCC_WARN_UNUSED_FUNCTION = YES;
				GCC_WARN_UNUSED_VARIABLE = YES;
				IPHONEOS_DEPLOYMENT_TARGET = 16.2;
				MTL_ENABLE_DEBUG_INFO = NO;
				MTL_FAST_MATH = YES;
				SDKROOT = iphoneos;
				SWIFT_COMPILATION_MODE = wholemodule;
				SWIFT_OPTIMIZATION_LEVEL = "-O";
				VALIDATE_PRODUCT = YES;
			};
			name = Release;
		};
		246C8305296CDDE000F4B0A9 /* Debug */ = {
			isa = XCBuildConfiguration;
			buildSettings = {
				ASSETCATALOG_COMPILER_APPICON_NAME = AppIcon;
				ASSETCATALOG_COMPILER_GLOBAL_ACCENT_COLOR_NAME = AccentColor;
				CODE_SIGN_STYLE = Automatic;
				CURRENT_PROJECT_VERSION = 1;
				DEVELOPMENT_TEAM = 92Y6X85G7H;
				GENERATE_INFOPLIST_FILE = YES;
				INFOPLIST_FILE = "who is that pokemon/Info.plist";
				INFOPLIST_KEY_UIApplicationSupportsIndirectInputEvents = YES;
				INFOPLIST_KEY_UILaunchStoryboardName = LaunchScreen;
				INFOPLIST_KEY_UIMainStoryboardFile = Main;
				INFOPLIST_KEY_UISupportedInterfaceOrientations_iPad = "UIInterfaceOrientationPortrait UIInterfaceOrientationPortraitUpsideDown UIInterfaceOrientationLandscapeLeft UIInterfaceOrientationLandscapeRight";
				INFOPLIST_KEY_UISupportedInterfaceOrientations_iPhone = "UIInterfaceOrientationPortrait UIInterfaceOrientationLandscapeLeft UIInterfaceOrientationLandscapeRight";
				LD_RUNPATH_SEARCH_PATHS = (
					"$(inherited)",
					"@executable_path/Frameworks",
				);
				MARKETING_VERSION = 1.0;
				PRODUCT_BUNDLE_IDENTIFIER = "dev.josealvarez.who-is-that-pokemon";
				PRODUCT_NAME = "$(TARGET_NAME)";
				SWIFT_EMIT_LOC_STRINGS = YES;
				SWIFT_VERSION = 5.0;
				TARGETED_DEVICE_FAMILY = "1,2";
			};
			name = Debug;
		};
		246C8306296CDDE000F4B0A9 /* Release */ = {
			isa = XCBuildConfiguration;
			buildSettings = {
				ASSETCATALOG_COMPILER_APPICON_NAME = AppIcon;
				ASSETCATALOG_COMPILER_GLOBAL_ACCENT_COLOR_NAME = AccentColor;
				CODE_SIGN_STYLE = Automatic;
				CURRENT_PROJECT_VERSION = 1;
				DEVELOPMENT_TEAM = 92Y6X85G7H;
				GENERATE_INFOPLIST_FILE = YES;
				INFOPLIST_FILE = "who is that pokemon/Info.plist";
				INFOPLIST_KEY_UIApplicationSupportsIndirectInputEvents = YES;
				INFOPLIST_KEY_UILaunchStoryboardName = LaunchScreen;
				INFOPLIST_KEY_UIMainStoryboardFile = Main;
				INFOPLIST_KEY_UISupportedInterfaceOrientations_iPad = "UIInterfaceOrientationPortrait UIInterfaceOrientationPortraitUpsideDown UIInterfaceOrientationLandscapeLeft UIInterfaceOrientationLandscapeRight";
				INFOPLIST_KEY_UISupportedInterfaceOrientations_iPhone = "UIInterfaceOrientationPortrait UIInterfaceOrientationLandscapeLeft UIInterfaceOrientationLandscapeRight";
				LD_RUNPATH_SEARCH_PATHS = (
					"$(inherited)",
					"@executable_path/Frameworks",
				);
				MARKETING_VERSION = 1.0;
				PRODUCT_BUNDLE_IDENTIFIER = "dev.josealvarez.who-is-that-pokemon";
				PRODUCT_NAME = "$(TARGET_NAME)";
				SWIFT_EMIT_LOC_STRINGS = YES;
				SWIFT_VERSION = 5.0;
				TARGETED_DEVICE_FAMILY = "1,2";
			};
			name = Release;
		};
/* End XCBuildConfiguration section */

/* Begin XCConfigurationList section */
		246C82EB296CDDDE00F4B0A9 /* Build configuration list for PBXProject "who is that pokemon" */ = {
			isa = XCConfigurationList;
			buildConfigurations = (
				246C8302296CDDE000F4B0A9 /* Debug */,
				246C8303296CDDE000F4B0A9 /* Release */,
			);
			defaultConfigurationIsVisible = 0;
			defaultConfigurationName = Release;
		};
		246C8304296CDDE000F4B0A9 /* Build configuration list for PBXNativeTarget "who is that pokemon" */ = {
			isa = XCConfigurationList;
			buildConfigurations = (
				246C8305296CDDE000F4B0A9 /* Debug */,
				246C8306296CDDE000F4B0A9 /* Release */,
			);
			defaultConfigurationIsVisible = 0;
			defaultConfigurationName = Release;
		};
/* End XCConfigurationList section */
	};
	rootObject = 246C82E8296CDDDE00F4B0A9 /* Project object */;
}
